Microsoft Visual Studio Solution File, Format Version 11.00
# Visual Studio 2008

Project("{8A556BA7-456D-6DB6-E861-501790FE6EF1}") = "irritum", "Assembly-CSharp-firstpass.csproj", "{ECAC1709-276B-BB57-CE1B-40812E8C750A}"
EndProject
Project("{8A556BA7-456D-6DB6-E861-501790FE6EF1}") = "irritum", "Assembly-CSharp.csproj", "{88799962-5993-EFC4-FEB1-B32F0463301B}"
EndProject
Global
	GlobalSection(SolutionConfigurationPlatforms) = preSolution
		Debug|Any CPU = Debug|Any CPU
		Release|Any CPU = Release|Any CPU
	EndGlobalSection
	GlobalSection(ProjectConfigurationPlatforms) = postSolution
		{ECAC1709-276B-BB57-CE1B-40812E8C750A}.Debug|Any CPU.ActiveCfg = Debug|Any CPU
		{ECAC1709-276B-BB57-CE1B-40812E8C750A}.Debug|Any CPU.Build.0 = Debug|Any CPU
		{ECAC1709-276B-BB57-CE1B-40812E8C750A}.Release|Any CPU.ActiveCfg = Release|Any CPU
		{ECAC1709-276B-BB57-CE1B-40812E8C750A}.Release|Any CPU.Build.0 = Release|Any CPU
		{88799962-5993-EFC4-FEB1-B32F0463301B}.Debug|Any CPU.ActiveCfg = Debug|Any CPU
		{88799962-5993-EFC4-FEB1-B32F0463301B}.Debug|Any CPU.Build.0 = Debug|Any CPU
		{88799962-5993-EFC4-FEB1-B32F0463301B}.Release|Any CPU.ActiveCfg = Release|Any CPU
		{88799962-5993-EFC4-FEB1-B32F0463301B}.Release|Any CPU.Build.0 = Release|Any CPU
	EndGlobalSection
	GlobalSection(SolutionProperties) = preSolution
		HideSolutionNode = FALSE
	EndGlobalSection
																																																																																																																																																																																																																																																																																																																																																		GlobalSection(MonoDevelopProperties) = preSolution
		StartupItem = Assembly-CSharp.csproj
		Policies = $0
		$0.TextStylePolicy = $1
		$1.inheritsSet = null
		$1.scope = text/x-csharp
		$0.CSharpFormattingPolicy = $2
		$2.inheritsSet = Mono
		$2.inheritsScope = text/x-csharp
		$2.scope = text/x-csharp
		$0.TextStylePolicy = $3
		$3.FileWidth = 120
		$3.TabWidth = 4
		$3.EolMarker = Unix
		$3.inheritsSet = Mono
		$3.inheritsScope = text/plain
		$3.scope = text/plain
	EndGlobalSection
EndGlobal
